// !$*UTF8*$!
{
	archiveVersion = 1;
	classes = {
	};
	objectVersion = 55;
	objects = {

/* Begin PBXBuildFile section */
		BEFFA1F6267DA35000123D78 /* Tests_iOS.swift in Sources */ = {isa = PBXBuildFile; fileRef = BEFFA1F5267DA35000123D78 /* Tests_iOS.swift */; };
		BEFFA200267DA35000123D78 /* Tests_macOS.swift in Sources */ = {isa = PBXBuildFile; fileRef = BEFFA1FF267DA35000123D78 /* Tests_macOS.swift */; };
		BEFFA201267DA35000123D78 /* Vector_Countdown_TimersApp.swift in Sources */ = {isa = PBXBuildFile; fileRef = BEFFA1DF267DA34C00123D78 /* Vector_Countdown_TimersApp.swift */; };
		BEFFA202267DA35000123D78 /* Vector_Countdown_TimersApp.swift in Sources */ = {isa = PBXBuildFile; fileRef = BEFFA1DF267DA34C00123D78 /* Vector_Countdown_TimersApp.swift */; };
		BEFFA203267DA35000123D78 /* ContentView.swift in Sources */ = {isa = PBXBuildFile; fileRef = BEFFA1E0267DA34C00123D78 /* ContentView.swift */; };
		BEFFA204267DA35000123D78 /* ContentView.swift in Sources */ = {isa = PBXBuildFile; fileRef = BEFFA1E0267DA34C00123D78 /* ContentView.swift */; };
		BEFFA205267DA35000123D78 /* Assets.xcassets in Resources */ = {isa = PBXBuildFile; fileRef = BEFFA1E1267DA34F00123D78 /* Assets.xcassets */; };
		BEFFA206267DA35000123D78 /* Assets.xcassets in Resources */ = {isa = PBXBuildFile; fileRef = BEFFA1E1267DA34F00123D78 /* Assets.xcassets */; };
/* End PBXBuildFile section */

/* Begin PBXContainerItemProxy section */
		BEFFA1F2267DA35000123D78 /* PBXContainerItemProxy */ = {
			isa = PBXContainerItemProxy;
			containerPortal = BEFFA1DA267DA34C00123D78 /* Project object */;
			proxyType = 1;
			remoteGlobalIDString = BEFFA1E5267DA35000123D78;
			remoteInfo = "Vector Countdown Timers (iOS)";
		};
		BEFFA1FC267DA35000123D78 /* PBXContainerItemProxy */ = {
			isa = PBXContainerItemProxy;
			containerPortal = BEFFA1DA267DA34C00123D78 /* Project object */;
			proxyType = 1;
			remoteGlobalIDString = BEFFA1EB267DA35000123D78;
			remoteInfo = "Vector Countdown Timers (macOS)";
		};
/* End PBXContainerItemProxy section */

/* Begin PBXFileReference section */
		BEFFA1DF267DA34C00123D78 /* Vector_Countdown_TimersApp.swift */ = {isa = PBXFileReference; lastKnownFileType = sourcecode.swift; path = Vector_Countdown_TimersApp.swift; sourceTree = "<group>"; };
		BEFFA1E0267DA34C00123D78 /* ContentView.swift */ = {isa = PBXFileReference; lastKnownFileType = sourcecode.swift; path = ContentView.swift; sourceTree = "<group>"; };
		BEFFA1E1267DA34F00123D78 /* Assets.xcassets */ = {isa = PBXFileReference; lastKnownFileType = folder.assetcatalog; path = Assets.xcassets; sourceTree = "<group>"; };
		BEFFA1E6267DA35000123D78 /* Vector Countdown Timers.app */ = {isa = PBXFileReference; explicitFileType = wrapper.application; includeInIndex = 0; path = "Vector Countdown Timers.app"; sourceTree = BUILT_PRODUCTS_DIR; };
		BEFFA1EC267DA35000123D78 /* Vector Countdown Timers.app */ = {isa = PBXFileReference; explicitFileType = wrapper.application; includeInIndex = 0; path = "Vector Countdown Timers.app"; sourceTree = BUILT_PRODUCTS_DIR; };
		BEFFA1F1267DA35000123D78 /* Tests iOS.xctest */ = {isa = PBXFileReference; explicitFileType = wrapper.cfbundle; includeInIndex = 0; path = "Tests iOS.xctest"; sourceTree = BUILT_PRODUCTS_DIR; };
		BEFFA1F5267DA35000123D78 /* Tests_iOS.swift */ = {isa = PBXFileReference; lastKnownFileType = sourcecode.swift; path = Tests_iOS.swift; sourceTree = "<group>"; };
		BEFFA1FB267DA35000123D78 /* Tests macOS.xctest */ = {isa = PBXFileReference; explicitFileType = wrapper.cfbundle; includeInIndex = 0; path = "Tests macOS.xctest"; sourceTree = BUILT_PRODUCTS_DIR; };
		BEFFA1FF267DA35000123D78 /* Tests_macOS.swift */ = {isa = PBXFileReference; lastKnownFileType = sourcecode.swift; path = Tests_macOS.swift; sourceTree = "<group>"; };
/* End PBXFileReference section */

/* Begin PBXFrameworksBuildPhase section */
		BEFFA1E3267DA35000123D78 /* Frameworks */ = {
			isa = PBXFrameworksBuildPhase;
			buildActionMask = 2147483647;
			files = (
			);
			runOnlyForDeploymentPostprocessing = 0;
		};
		BEFFA1E9267DA35000123D78 /* Frameworks */ = {
			isa = PBXFrameworksBuildPhase;
			buildActionMask = 2147483647;
			files = (
			);
			runOnlyForDeploymentPostprocessing = 0;
		};
		BEFFA1EE267DA35000123D78 /* Frameworks */ = {
			isa = PBXFrameworksBuildPhase;
			buildActionMask = 2147483647;
			files = (
			);
			runOnlyForDeploymentPostprocessing = 0;
		};
		BEFFA1F8267DA35000123D78 /* Frameworks */ = {
			isa = PBXFrameworksBuildPhase;
			buildActionMask = 2147483647;
			files = (
			);
			runOnlyForDeploymentPostprocessing = 0;
		};
/* End PBXFrameworksBuildPhase section */

/* Begin PBXGroup section */
		BEFFA1D9267DA34C00123D78 = {
			isa = PBXGroup;
			children = (
				BEFFA1DE267DA34C00123D78 /* Shared */,
				BEFFA1F4267DA35000123D78 /* Tests iOS */,
				BEFFA1FE267DA35000123D78 /* Tests macOS */,
				BEFFA1E7267DA35000123D78 /* Products */,
			);
			sourceTree = "<group>";
		};
		BEFFA1DE267DA34C00123D78 /* Shared */ = {
			isa = PBXGroup;
			children = (
				BEFFA1DF267DA34C00123D78 /* Vector_Countdown_TimersApp.swift */,
				BEFFA1E0267DA34C00123D78 /* ContentView.swift */,
				BEFFA1E1267DA34F00123D78 /* Assets.xcassets */,
			);
			path = Shared;
			sourceTree = "<group>";
		};
		BEFFA1E7267DA35000123D78 /* Products */ = {
			isa = PBXGroup;
			children = (
				BEFFA1E6267DA35000123D78 /* Vector Countdown Timers.app */,
				BEFFA1EC267DA35000123D78 /* Vector Countdown Timers.app */,
				BEFFA1F1267DA35000123D78 /* Tests iOS.xctest */,
				BEFFA1FB267DA35000123D78 /* Tests macOS.xctest */,
			);
			name = Products;
			sourceTree = "<group>";
		};
		BEFFA1F4267DA35000123D78 /* Tests iOS */ = {
			isa = PBXGroup;
			children = (
				BEFFA1F5267DA35000123D78 /* Tests_iOS.swift */,
			);
			path = "Tests iOS";
			sourceTree = "<group>";
		};
		BEFFA1FE267DA35000123D78 /* Tests macOS */ = {
			isa = PBXGroup;
			children = (
				BEFFA1FF267DA35000123D78 /* Tests_macOS.swift */,
			);
			path = "Tests macOS";
			sourceTree = "<group>";
		};
/* End PBXGroup section */

/* Begin PBXNativeTarget section */
		BEFFA1E5267DA35000123D78 /* Vector Countdown Timers (iOS) */ = {
			isa = PBXNativeTarget;
			buildConfigurationList = BEFFA209267DA35000123D78 /* Build configuration list for PBXNativeTarget "Vector Countdown Timers (iOS)" */;
			buildPhases = (
				BEFFA1E2267DA35000123D78 /* Sources */,
				BEFFA1E3267DA35000123D78 /* Frameworks */,
				BEFFA1E4267DA35000123D78 /* Resources */,
			);
			buildRules = (
			);
			dependencies = (
			);
			name = "Vector Countdown Timers (iOS)";
			productName = "Vector Countdown Timers (iOS)";
			productReference = BEFFA1E6267DA35000123D78 /* Vector Countdown Timers.app */;
			productType = "com.apple.product-type.application";
		};
		BEFFA1EB267DA35000123D78 /* Vector Countdown Timers (macOS) */ = {
			isa = PBXNativeTarget;
			buildConfigurationList = BEFFA20C267DA35000123D78 /* Build configuration list for PBXNativeTarget "Vector Countdown Timers (macOS)" */;
			buildPhases = (
				BEFFA1E8267DA35000123D78 /* Sources */,
				BEFFA1E9267DA35000123D78 /* Frameworks */,
				BEFFA1EA267DA35000123D78 /* Resources */,
			);
			buildRules = (
			);
			dependencies = (
			);
			name = "Vector Countdown Timers (macOS)";
			productName = "Vector Countdown Timers (macOS)";
			productReference = BEFFA1EC267DA35000123D78 /* Vector Countdown Timers.app */;
			productType = "com.apple.product-type.application";
		};
		BEFFA1F0267DA35000123D78 /* Tests iOS */ = {
			isa = PBXNativeTarget;
			buildConfigurationList = BEFFA20F267DA35000123D78 /* Build configuration list for PBXNativeTarget "Tests iOS" */;
			buildPhases = (
				BEFFA1ED267DA35000123D78 /* Sources */,
				BEFFA1EE267DA35000123D78 /* Frameworks */,
				BEFFA1EF267DA35000123D78 /* Resources */,
			);
			buildRules = (
			);
			dependencies = (
				BEFFA1F3267DA35000123D78 /* PBXTargetDependency */,
			);
			name = "Tests iOS";
			productName = "Tests iOS";
			productReference = BEFFA1F1267DA35000123D78 /* Tests iOS.xctest */;
			productType = "com.apple.product-type.bundle.ui-testing";
		};
		BEFFA1FA267DA35000123D78 /* Tests macOS */ = {
			isa = PBXNativeTarget;
			buildConfigurationList = BEFFA212267DA35000123D78 /* Build configuration list for PBXNativeTarget "Tests macOS" */;
			buildPhases = (
				BEFFA1F7267DA35000123D78 /* Sources */,
				BEFFA1F8267DA35000123D78 /* Frameworks */,
				BEFFA1F9267DA35000123D78 /* Resources */,
			);
			buildRules = (
			);
			dependencies = (
				BEFFA1FD267DA35000123D78 /* PBXTargetDependency */,
			);
			name = "Tests macOS";
			productName = "Tests macOS";
			productReference = BEFFA1FB267DA35000123D78 /* Tests macOS.xctest */;
			productType = "com.apple.product-type.bundle.ui-testing";
		};
/* End PBXNativeTarget section */

/* Begin PBXProject section */
		BEFFA1DA267DA34C00123D78 /* Project object */ = {
			isa = PBXProject;
			attributes = {
				BuildIndependentTargetsInParallel = 1;
				LastSwiftUpdateCheck = 1300;
				LastUpgradeCheck = 1300;
				TargetAttributes = {
					BEFFA1E5267DA35000123D78 = {
						CreatedOnToolsVersion = 13.0;
					};
					BEFFA1EB267DA35000123D78 = {
						CreatedOnToolsVersion = 13.0;
					};
					BEFFA1F0267DA35000123D78 = {
						CreatedOnToolsVersion = 13.0;
						TestTargetID = BEFFA1E5267DA35000123D78;
					};
					BEFFA1FA267DA35000123D78 = {
						CreatedOnToolsVersion = 13.0;
						TestTargetID = BEFFA1EB267DA35000123D78;
					};
				};
			};
			buildConfigurationList = BEFFA1DD267DA34C00123D78 /* Build configuration list for PBXProject "Vector Countdown Timers" */;
			compatibilityVersion = "Xcode 13.0";
			developmentRegion = en;
			hasScannedForEncodings = 0;
			knownRegions = (
				en,
				Base,
			);
			mainGroup = BEFFA1D9267DA34C00123D78;
			productRefGroup = BEFFA1E7267DA35000123D78 /* Products */;
			projectDirPath = "";
			projectRoot = "";
			targets = (
				BEFFA1E5267DA35000123D78 /* Vector Countdown Timers (iOS) */,
				BEFFA1EB267DA35000123D78 /* Vector Countdown Timers (macOS) */,
				BEFFA1F0267DA35000123D78 /* Tests iOS */,
				BEFFA1FA267DA35000123D78 /* Tests macOS */,
			);
		};
/* End PBXProject section */

/* Begin PBXResourcesBuildPhase section */
		BEFFA1E4267DA35000123D78 /* Resources */ = {
			isa = PBXResourcesBuildPhase;
			buildActionMask = 2147483647;
			files = (
				BEFFA205267DA35000123D78 /* Assets.xcassets in Resources */,
			);
			runOnlyForDeploymentPostprocessing = 0;
		};
		BEFFA1EA267DA35000123D78 /* Resources */ = {
			isa = PBXResourcesBuildPhase;
			buildActionMask = 2147483647;
			files = (
				BEFFA206267DA35000123D78 /* Assets.xcassets in Resources */,
			);
			runOnlyForDeploymentPostprocessing = 0;
		};
		BEFFA1EF267DA35000123D78 /* Resources */ = {
			isa = PBXResourcesBuildPhase;
			buildActionMask = 2147483647;
			files = (
			);
			runOnlyForDeploymentPostprocessing = 0;
		};
		BEFFA1F9267DA35000123D78 /* Resources */ = {
			isa = PBXResourcesBuildPhase;
			buildActionMask = 2147483647;
			files = (
			);
			runOnlyForDeploymentPostprocessing = 0;
		};
/* End PBXResourcesBuildPhase section */

/* Begin PBXSourcesBuildPhase section */
		BEFFA1E2267DA35000123D78 /* Sources */ = {
			isa = PBXSourcesBuildPhase;
			buildActionMask = 2147483647;
			files = (
				BEFFA203267DA35000123D78 /* ContentView.swift in Sources */,
				BEFFA201267DA35000123D78 /* Vector_Countdown_TimersApp.swift in Sources */,
			);
			runOnlyForDeploymentPostprocessing = 0;
		};
		BEFFA1E8267DA35000123D78 /* Sources */ = {
			isa = PBXSourcesBuildPhase;
			buildActionMask = 2147483647;
			files = (
				BEFFA204267DA35000123D78 /* ContentView.swift in Sources */,
				BEFFA202267DA35000123D78 /* Vector_Countdown_TimersApp.swift in Sources */,
			);
			runOnlyForDeploymentPostprocessing = 0;
		};
		BEFFA1ED267DA35000123D78 /* Sources */ = {
			isa = PBXSourcesBuildPhase;
			buildActionMask = 2147483647;
			files = (
				BEFFA1F6267DA35000123D78 /* Tests_iOS.swift in Sources */,
			);
			runOnlyForDeploymentPostprocessing = 0;
		};
		BEFFA1F7267DA35000123D78 /* Sources */ = {
			isa = PBXSourcesBuildPhase;
			buildActionMask = 2147483647;
			files = (
				BEFFA200267DA35000123D78 /* Tests_macOS.swift in Sources */,
			);
			runOnlyForDeploymentPostprocessing = 0;
		};
/* End PBXSourcesBuildPhase section */

/* Begin PBXTargetDependency section */
		BEFFA1F3267DA35000123D78 /* PBXTargetDependency */ = {
			isa = PBXTargetDependency;
			target = BEFFA1E5267DA35000123D78 /* Vector Countdown Timers (iOS) */;
			targetProxy = BEFFA1F2267DA35000123D78 /* PBXContainerItemProxy */;
		};
		BEFFA1FD267DA35000123D78 /* PBXTargetDependency */ = {
			isa = PBXTargetDependency;
			target = BEFFA1EB267DA35000123D78 /* Vector Countdown Timers (macOS) */;
			targetProxy = BEFFA1FC267DA35000123D78 /* PBXContainerItemProxy */;
		};
/* End PBXTargetDependency section */

/* Begin XCBuildConfiguration section */
		BEFFA207267DA35000123D78 /* Debug */ = {
			isa = XCBuildConfiguration;
			buildSettings = {
				ALWAYS_SEARCH_USER_PATHS = NO;
				CLANG_ANALYZER_NONNULL = YES;
				CLANG_ANALYZER_NUMBER_OBJECT_CONVERSION = YES_AGGRESSIVE;
				CLANG_CXX_LANGUAGE_STANDARD = "gnu++14";
				CLANG_CXX_LIBRARY = "libc++";
				CLANG_ENABLE_MODULES = YES;
				CLANG_ENABLE_OBJC_ARC = YES;
				CLANG_ENABLE_OBJC_WEAK = YES;
				CLANG_WARN_BLOCK_CAPTURE_AUTORELEASING = YES;
				CLANG_WARN_BOOL_CONVERSION = YES;
				CLANG_WARN_COMMA = YES;
				CLANG_WARN_CONSTANT_CONVERSION = YES;
				CLANG_WARN_DEPRECATED_OBJC_IMPLEMENTATIONS = YES;
				CLANG_WARN_DIRECT_OBJC_ISA_USAGE = YES_ERROR;
				CLANG_WARN_DOCUMENTATION_COMMENTS = YES;
				CLANG_WARN_EMPTY_BODY = YES;
				CLANG_WARN_ENUM_CONVERSION = YES;
				CLANG_WARN_INFINITE_RECURSION = YES;
				CLANG_WARN_INT_CONVERSION = YES;
				CLANG_WARN_NON_LITERAL_NULL_CONVERSION = YES;
				CLANG_WARN_OBJC_IMPLICIT_RETAIN_SELF = YES;
				CLANG_WARN_OBJC_LITERAL_CONVERSION = YES;
				CLANG_WARN_OBJC_ROOT_CLASS = YES_ERROR;
				CLANG_WARN_QUOTED_INCLUDE_IN_FRAMEWORK_HEADER = YES;
				CLANG_WARN_RANGE_LOOP_ANALYSIS = YES;
				CLANG_WARN_STRICT_PROTOTYPES = YES;
				CLANG_WARN_SUSPICIOUS_MOVE = YES;
				CLANG_WARN_UNGUARDED_AVAILABILITY = YES_AGGRESSIVE;
				CLANG_WARN_UNREACHABLE_CODE = YES;
				CLANG_WARN__DUPLICATE_METHOD_MATCH = YES;
				COPY_PHASE_STRIP = NO;
				DEBUG_INFORMATION_FORMAT = dwarf;
				ENABLE_STRICT_OBJC_MSGSEND = YES;
				ENABLE_TESTABILITY = YES;
				GCC_C_LANGUAGE_STANDARD = gnu11;
				GCC_DYNAMIC_NO_PIC = NO;
				GCC_NO_COMMON_BLOCKS = YES;
				GCC_OPTIMIZATION_LEVEL = 0;
				GCC_PREPROCESSOR_DEFINITIONS = (
					"DEBUG=1",
					"$(inherited)",
				);
				GCC_WARN_64_TO_32_BIT_CONVERSION = YES;
				GCC_WARN_ABOUT_RETURN_TYPE = YES_ERROR;
				GCC_WARN_UNDECLARED_SELECTOR = YES;
				GCC_WARN_UNINITIALIZED_AUTOS = YES_AGGRESSIVE;
				GCC_WARN_UNUSED_FUNCTION = YES;
				GCC_WARN_UNUSED_VARIABLE = YES;
				MTL_ENABLE_DEBUG_INFO = INCLUDE_SOURCE;
				MTL_FAST_MATH = YES;
				ONLY_ACTIVE_ARCH = YES;
				SWIFT_ACTIVE_COMPILATION_CONDITIONS = DEBUG;
				SWIFT_OPTIMIZATION_LEVEL = "-Onone";
			};
			name = Debug;
		};
		BEFFA208267DA35000123D78 /* Release */ = {
			isa = XCBuildConfiguration;
			buildSettings = {
				ALWAYS_SEARCH_USER_PATHS = NO;
				CLANG_ANALYZER_NONNULL = YES;
				CLANG_ANALYZER_NUMBER_OBJECT_CONVERSION = YES_AGGRESSIVE;
				CLANG_CXX_LANGUAGE_STANDARD = "gnu++14";
				CLANG_CXX_LIBRARY = "libc++";
				CLANG_ENABLE_MODULES = YES;
				CLANG_ENABLE_OBJC_ARC = YES;
				CLANG_ENABLE_OBJC_WEAK = YES;
				CLANG_WARN_BLOCK_CAPTURE_AUTORELEASING = YES;
				CLANG_WARN_BOOL_CONVERSION = YES;
				CLANG_WARN_COMMA = YES;
				CLANG_WARN_CONSTANT_CONVERSION = YES;
				CLANG_WARN_DEPRECATED_OBJC_IMPLEMENTATIONS = YES;
				CLANG_WARN_DIRECT_OBJC_ISA_USAGE = YES_ERROR;
				CLANG_WARN_DOCUMENTATION_COMMENTS = YES;
				CLANG_WARN_EMPTY_BODY = YES;
				CLANG_WARN_ENUM_CONVERSION = YES;
				CLANG_WARN_INFINITE_RECURSION = YES;
				CLANG_WARN_INT_CONVERSION = YES;
				CLANG_WARN_NON_LITERAL_NULL_CONVERSION = YES;
				CLANG_WARN_OBJC_IMPLICIT_RETAIN_SELF = YES;
				CLANG_WARN_OBJC_LITERAL_CONVERSION = YES;
				CLANG_WARN_OBJC_ROOT_CLASS = YES_ERROR;
				CLANG_WARN_QUOTED_INCLUDE_IN_FRAMEWORK_HEADER = YES;
				CLANG_WARN_RANGE_LOOP_ANALYSIS = YES;
				CLANG_WARN_STRICT_PROTOTYPES = YES;
				CLANG_WARN_SUSPICIOUS_MOVE = YES;
				CLANG_WARN_UNGUARDED_AVAILABILITY = YES_AGGRESSIVE;
				CLANG_WARN_UNREACHABLE_CODE = YES;
				CLANG_WARN__DUPLICATE_METHOD_MATCH = YES;
				COPY_PHASE_STRIP = NO;
				DEBUG_INFORMATION_FORMAT = "dwarf-with-dsym";
				ENABLE_NS_ASSERTIONS = NO;
				ENABLE_STRICT_OBJC_MSGSEND = YES;
				GCC_C_LANGUAGE_STANDARD = gnu11;
				GCC_NO_COMMON_BLOCKS = YES;
				GCC_WARN_64_TO_32_BIT_CONVERSION = YES;
				GCC_WARN_ABOUT_RETURN_TYPE = YES_ERROR;
				GCC_WARN_UNDECLARED_SELECTOR = YES;
				GCC_WARN_UNINITIALIZED_AUTOS = YES_AGGRESSIVE;
				GCC_WARN_UNUSED_FUNCTION = YES;
				GCC_WARN_UNUSED_VARIABLE = YES;
				MTL_ENABLE_DEBUG_INFO = NO;
				MTL_FAST_MATH = YES;
				SWIFT_COMPILATION_MODE = wholemodule;
				SWIFT_OPTIMIZATION_LEVEL = "-O";
			};
			name = Release;
		};
		BEFFA20A267DA35000123D78 /* Debug */ = {
			isa = XCBuildConfiguration;
			buildSettings = {
				ASSETCATALOG_COMPILER_APPICON_NAME = AppIcon;
				ASSETCATALOG_COMPILER_GLOBAL_ACCENT_COLOR_NAME = AccentColor;
				CODE_SIGN_STYLE = Automatic;
				CURRENT_PROJECT_VERSION = 1;
				DEVELOPMENT_TEAM = Y93HUJS49V;
				ENABLE_PREVIEWS = YES;
				GENERATE_INFOPLIST_FILE = YES;
				INFOPLIST_KEY_UIApplicationSceneManifest_Generation = YES;
				INFOPLIST_KEY_UIApplicationSupportsIndirectInputEvents = YES;
				INFOPLIST_KEY_UILaunchScreen_Generation = YES;
				INFOPLIST_KEY_UISupportedInterfaceOrientations_iPad = "UIInterfaceOrientationPortrait UIInterfaceOrientationPortraitUpsideDown UIInterfaceOrientationLandscapeLeft UIInterfaceOrientationLandscapeRight";
				INFOPLIST_KEY_UISupportedInterfaceOrientations_iPhone = "UIInterfaceOrientationPortrait UIInterfaceOrientationLandscapeLeft UIInterfaceOrientationLandscapeRight";
				IPHONEOS_DEPLOYMENT_TARGET = 14.0;
				LD_RUNPATH_SEARCH_PATHS = (
					"$(inherited)",
					"@executable_path/Frameworks",
				);
				MARKETING_VERSION = 1.0;
				PRODUCT_BUNDLE_IDENTIFIER = "dev.victorsmelo.Vector-Countdown-Timers";
				PRODUCT_NAME = "Vector Countdown Timers";
				SDKROOT = iphoneos;
				SWIFT_EMIT_LOC_STRINGS = YES;
				SWIFT_VERSION = 5.0;
				TARGETED_DEVICE_FAMILY = "1,2";
			};
			name = Debug;
		};
		BEFFA20B267DA35000123D78 /* Release */ = {
			isa = XCBuildConfiguration;
			buildSettings = {
				ASSETCATALOG_COMPILER_APPICON_NAME = AppIcon;
				ASSETCATALOG_COMPILER_GLOBAL_ACCENT_COLOR_NAME = AccentColor;
				CODE_SIGN_STYLE = Automatic;
				CURRENT_PROJECT_VERSION = 1;
				DEVELOPMENT_TEAM = Y93HUJS49V;
				ENABLE_PREVIEWS = YES;
				GENERATE_INFOPLIST_FILE = YES;
				INFOPLIST_KEY_UIApplicationSceneManifest_Generation = YES;
				INFOPLIST_KEY_UIApplicationSupportsIndirectInputEvents = YES;
				INFOPLIST_KEY_UILaunchScreen_Generation = YES;
				INFOPLIST_KEY_UISupportedInterfaceOrientations_iPad = "UIInterfaceOrientationPortrait UIInterfaceOrientationPortraitUpsideDown UIInterfaceOrientationLandscapeLeft UIInterfaceOrientationLandscapeRight";
				INFOPLIST_KEY_UISupportedInterfaceOrientations_iPhone = "UIInterfaceOrientationPortrait UIInterfaceOrientationLandscapeLeft UIInterfaceOrientationLandscapeRight";
				IPHONEOS_DEPLOYMENT_TARGET = 14.0;
				LD_RUNPATH_SEARCH_PATHS = (
					"$(inherited)",
					"@executable_path/Frameworks",
				);
				MARKETING_VERSION = 1.0;
				PRODUCT_BUNDLE_IDENTIFIER = "dev.victorsmelo.Vector-Countdown-Timers";
				PRODUCT_NAME = "Vector Countdown Timers";
				SDKROOT = iphoneos;
				SWIFT_EMIT_LOC_STRINGS = YES;
				SWIFT_VERSION = 5.0;
				TARGETED_DEVICE_FAMILY = "1,2";
				VALIDATE_PRODUCT = YES;
			};
			name = Release;
		};
		BEFFA20D267DA35000123D78 /* Debug */ = {
			isa = XCBuildConfiguration;
			buildSettings = {
				ASSETCATALOG_COMPILER_APPICON_NAME = AppIcon;
				ASSETCATALOG_COMPILER_GLOBAL_ACCENT_COLOR_NAME = AccentColor;
				CODE_SIGN_STYLE = Automatic;
				COMBINE_HIDPI_IMAGES = YES;
				CURRENT_PROJECT_VERSION = 1;
				DEVELOPMENT_TEAM = Y93HUJS49V;
				ENABLE_APP_SANDBOX = YES;
				ENABLE_HARDENED_RUNTIME = YES;
				ENABLE_PREVIEWS = YES;
				ENABLE_USER_SELECTED_FILES = readonly;
				GENERATE_INFOPLIST_FILE = YES;
				INFOPLIST_KEY_NSHumanReadableCopyright = "";
				LD_RUNPATH_SEARCH_PATHS = (
					"$(inherited)",
					"@executable_path/../Frameworks",
				);
				MACOSX_DEPLOYMENT_TARGET = 11.0;
				MARKETING_VERSION = 1.0;
				PRODUCT_BUNDLE_IDENTIFIER = "dev.victorsmelo.Vector-Countdown-Timers";
				PRODUCT_NAME = "Vector Countdown Timers";
				SDKROOT = macosx;
				SWIFT_EMIT_LOC_STRINGS = YES;
				SWIFT_VERSION = 5.0;
			};
			name = Debug;
		};
		BEFFA20E267DA35000123D78 /* Release */ = {
			isa = XCBuildConfiguration;
			buildSettings = {
				ASSETCATALOG_COMPILER_APPICON_NAME = AppIcon;
				ASSETCATALOG_COMPILER_GLOBAL_ACCENT_COLOR_NAME = AccentColor;
				CODE_SIGN_STYLE = Automatic;
				COMBINE_HIDPI_IMAGES = YES;
				CURRENT_PROJECT_VERSION = 1;
				DEVELOPMENT_TEAM = Y93HUJS49V;
				ENABLE_APP_SANDBOX = YES;
				ENABLE_HARDENED_RUNTIME = YES;
				ENABLE_PREVIEWS = YES;
				ENABLE_USER_SELECTED_FILES = readonly;
				GENERATE_INFOPLIST_FILE = YES;
				INFOPLIST_KEY_NSHumanReadableCopyright = "";
				LD_RUNPATH_SEARCH_PATHS = (
					"$(inherited)",
					"@executable_path/../Frameworks",
				);
				MACOSX_DEPLOYMENT_TARGET = 11.0;
				MARKETING_VERSION = 1.0;
				PRODUCT_BUNDLE_IDENTIFIER = "dev.victorsmelo.Vector-Countdown-Timers";
				PRODUCT_NAME = "Vector Countdown Timers";
				SDKROOT = macosx;
				SWIFT_EMIT_LOC_STRINGS = YES;
				SWIFT_VERSION = 5.0;
			};
			name = Release;
		};
		BEFFA210267DA35000123D78 /* Debug */ = {
			isa = XCBuildConfiguration;
			buildSettings = {
				ALWAYS_EMBED_SWIFT_STANDARD_LIBRARIES = YES;
				CODE_SIGN_STYLE = Automatic;
				CURRENT_PROJECT_VERSION = 1;
				DEVELOPMENT_TEAM = Y93HUJS49V;
				GENERATE_INFOPLIST_FILE = YES;
				IPHONEOS_DEPLOYMENT_TARGET = 15.0;
				LD_RUNPATH_SEARCH_PATHS = (
					"$(inherited)",
					"@executable_path/Frameworks",
					"@loader_path/Frameworks",
				);
				MARKETING_VERSION = 1.0;
				PRODUCT_BUNDLE_IDENTIFIER = "dev.victorsmelo.Tests-iOS";
				PRODUCT_NAME = "$(TARGET_NAME)";
				SDKROOT = iphoneos;
				SWIFT_EMIT_LOC_STRINGS = NO;
				SWIFT_VERSION = 5.0;
				TARGETED_DEVICE_FAMILY = "1,2";
				TEST_TARGET_NAME = "Vector Countdown Timers (iOS)";
			};
			name = Debug;
		};
		BEFFA211267DA35000123D78 /* Release */ = {
			isa = XCBuildConfiguration;
			buildSettings = {
				ALWAYS_EMBED_SWIFT_STANDARD_LIBRARIES = YES;
				CODE_SIGN_STYLE = Automatic;
				CURRENT_PROJECT_VERSION = 1;
				DEVELOPMENT_TEAM = Y93HUJS49V;
				GENERATE_INFOPLIST_FILE = YES;
				IPHONEOS_DEPLOYMENT_TARGET = 15.0;
				LD_RUNPATH_SEARCH_PATHS = (
					"$(inherited)",
					"@executable_path/Frameworks",
					"@loader_path/Frameworks",
				);
				MARKETING_VERSION = 1.0;
				PRODUCT_BUNDLE_IDENTIFIER = "dev.victorsmelo.Tests-iOS";
				PRODUCT_NAME = "$(TARGET_NAME)";
				SDKROOT = iphoneos;
				SWIFT_EMIT_LOC_STRINGS = NO;
				SWIFT_VERSION = 5.0;
				TARGETED_DEVICE_FAMILY = "1,2";
				TEST_TARGET_NAME = "Vector Countdown Timers (iOS)";
				VALIDATE_PRODUCT = YES;
			};
			name = Release;
		};
		BEFFA213267DA35000123D78 /* Debug */ = {
			isa = XCBuildConfiguration;
			buildSettings = {
				ALWAYS_EMBED_SWIFT_STANDARD_LIBRARIES = YES;
				CODE_SIGN_STYLE = Automatic;
				COMBINE_HIDPI_IMAGES = YES;
				CURRENT_PROJECT_VERSION = 1;
				DEVELOPMENT_TEAM = Y93HUJS49V;
				GENERATE_INFOPLIST_FILE = YES;
				LD_RUNPATH_SEARCH_PATHS = (
					"$(inherited)",
					"@executable_path/../Frameworks",
					"@loader_path/../Frameworks",
				);
				MACOSX_DEPLOYMENT_TARGET = 11.4;
				MARKETING_VERSION = 1.0;
				PRODUCT_BUNDLE_IDENTIFIER = "dev.victorsmelo.Tests-macOS";
				PRODUCT_NAME = "$(TARGET_NAME)";
				SDKROOT = macosx;
				SWIFT_EMIT_LOC_STRINGS = NO;
				SWIFT_VERSION = 5.0;
				TEST_TARGET_NAME = "Vector Countdown Timers (macOS)";
			};
			name = Debug;
		};
		BEFFA214267DA35000123D78 /* Release */ = {
			isa = XCBuildConfiguration;
			buildSettings = {
				ALWAYS_EMBED_SWIFT_STANDARD_LIBRARIES = YES;
				CODE_SIGN_STYLE = Automatic;
				COMBINE_HIDPI_IMAGES = YES;
				CURRENT_PROJECT_VERSION = 1;
				DEVELOPMENT_TEAM = Y93HUJS49V;
				GENERATE_INFOPLIST_FILE = YES;
				LD_RUNPATH_SEARCH_PATHS = (
					"$(inherited)",
					"@executable_path/../Frameworks",
					"@loader_path/../Frameworks",
				);
				MACOSX_DEPLOYMENT_TARGET = 11.4;
				MARKETING_VERSION = 1.0;
				PRODUCT_BUNDLE_IDENTIFIER = "dev.victorsmelo.Tests-macOS";
				PRODUCT_NAME = "$(TARGET_NAME)";
				SDKROOT = macosx;
				SWIFT_EMIT_LOC_STRINGS = NO;
				SWIFT_VERSION = 5.0;
				TEST_TARGET_NAME = "Vector Countdown Timers (macOS)";
			};
			name = Release;
		};
/* End XCBuildConfiguration section */

/* Begin XCConfigurationList section */
		BEFFA1DD267DA34C00123D78 /* Build configuration list for PBXProject "Vector Countdown Timers" */ = {
			isa = XCConfigurationList;
			buildConfigurations = (
				BEFFA207267DA35000123D78 /* Debug */,
				BEFFA208267DA35000123D78 /* Release */,
			);
			defaultConfigurationIsVisible = 0;
			defaultConfigurationName = Release;
		};
		BEFFA209267DA35000123D78 /* Build configuration list for PBXNativeTarget "Vector Countdown Timers (iOS)" */ = {
			isa = XCConfigurationList;
			buildConfigurations = (
				BEFFA20A267DA35000123D78 /* Debug */,
				BEFFA20B267DA35000123D78 /* Release */,
			);
			defaultConfigurationIsVisible = 0;
			defaultConfigurationName = Release;
		};
		BEFFA20C267DA35000123D78 /* Build configuration list for PBXNativeTarget "Vector Countdown Timers (macOS)" */ = {
			isa = XCConfigurationList;
			buildConfigurations = (
				BEFFA20D267DA35000123D78 /* Debug */,
				BEFFA20E267DA35000123D78 /* Release */,
			);
			defaultConfigurationIsVisible = 0;
			defaultConfigurationName = Release;
		};
		BEFFA20F267DA35000123D78 /* Build configuration list for PBXNativeTarget "Tests iOS" */ = {
			isa = XCConfigurationList;
			buildConfigurations = (
				BEFFA210267DA35000123D78 /* Debug */,
				BEFFA211267DA35000123D78 /* Release */,
			);
			defaultConfigurationIsVisible = 0;
			defaultConfigurationName = Release;
		};
		BEFFA212267DA35000123D78 /* Build configuration list for PBXNativeTarget "Tests macOS" */ = {
			isa = XCConfigurationList;
			buildConfigurations = (
				BEFFA213267DA35000123D78 /* Debug */,
				BEFFA214267DA35000123D78 /* Release */,
			);
			defaultConfigurationIsVisible = 0;
			defaultConfigurationName = Release;
		};
/* End XCConfigurationList section */
	};
	rootObject = BEFFA1DA267DA34C00123D78 /* Project object */;
}
